
Microsoft Visual Studio Solution File, Format Version 12.00
# Visual Studio Version 17
VisualStudioVersion = 17.5.002.0
MinimumVisualStudioVersion = 10.0.40219.1
Project("{9A19103F-16F7-4668-BE54-9A1E7A4F7556}") = "IDisposable", "IDisposable.csproj", "{FADBC3A6-55C8-4493-87CE-65B67374EF32}"
EndProject
Global
	GlobalSection(SolutionConfigurationPlatforms) = preSolution
		Debug|Any CPU = Debug|Any CPU
		Release|Any CPU = Release|Any CPU
	EndGlobalSection
	GlobalSection(ProjectConfigurationPlatforms) = postSolution
		{FADBC3A6-55C8-4493-87CE-65B67374EF32}.Debug|Any CPU.ActiveCfg = Debug|Any CPU
		{FADBC3A6-55C8-4493-87CE-65B67374EF32}.Debug|Any CPU.Build.0 = Debug|Any CPU
		{FADBC3A6-55C8-4493-87CE-65B67374EF32}.Release|Any CPU.ActiveCfg = Release|Any CPU
		{FADBC3A6-55C8-4493-87CE-65B67374EF32}.Release|Any CPU.Build.0 = Release|Any CPU
	EndGlobalSection
	GlobalSection(SolutionProperties) = preSolution
		HideSolutionNode = FALSE
	EndGlobalSection
	GlobalSection(ExtensibilityGlobals) = postSolution
		SolutionGuid = {4A946262-9994-4583-ADC9-C044DC844CD1}
	EndGlobalSection
EndGlobal
